
Microsoft Visual Studio Solution File, Format Version 12.00
# Visual Studio Version 17
VisualStudioVersion = 17.10.35201.131
MinimumVisualStudioVersion = 10.0.40219.1
Project("{9A19103F-16F7-4668-BE54-9A1E7A4F7556}") = "BlazorFronted", "BlazorFronted.csproj", "{5930CD73-753D-4614-A23D-561072677B00}"
EndProject
Global
	GlobalSection(SolutionConfigurationPlatforms) = preSolution
		Debug|Any CPU = Debug|Any CPU
		Release|Any CPU = Release|Any CPU
	EndGlobalSection
	GlobalSection(ProjectConfigurationPlatforms) = postSolution
		{5930CD73-753D-4614-A23D-561072677B00}.Debug|Any CPU.ActiveCfg = Debug|Any CPU
		{5930CD73-753D-4614-A23D-561072677B00}.Debug|Any CPU.Build.0 = Debug|Any CPU
		{5930CD73-753D-4614-A23D-561072677B00}.Release|Any CPU.ActiveCfg = Release|Any CPU
		{5930CD73-753D-4614-A23D-561072677B00}.Release|Any CPU.Build.0 = Release|Any CPU
	EndGlobalSection
	GlobalSection(SolutionProperties) = preSolution
		HideSolutionNode = FALSE
	EndGlobalSection
	GlobalSection(ExtensibilityGlobals) = postSolution
		SolutionGuid = {9E1B0536-5C2D-4A24-ACE5-037E169559EE}
	EndGlobalSection
EndGlobal
